// !$*UTF8*$!
{
	archiveVersion = 1;
	classes = {
	};
	objectVersion = 46;
	objects = {

/* Begin PBXBuildFile section */
		2042C28F1A25529800EEEE99 /* NewGroupViewController.swift in Sources */ = {isa = PBXBuildFile; fileRef = 2042C28E1A25529800EEEE99 /* NewGroupViewController.swift */; };
		208A8196198732890075A441 /* AppDelegate.swift in Sources */ = {isa = PBXBuildFile; fileRef = 208A8195198732890075A441 /* AppDelegate.swift */; };
		208A8198198732890075A441 /* LoginViewController.swift in Sources */ = {isa = PBXBuildFile; fileRef = 208A8197198732890075A441 /* LoginViewController.swift */; };
		208A819B198732890075A441 /* Main.storyboard in Resources */ = {isa = PBXBuildFile; fileRef = 208A8199198732890075A441 /* Main.storyboard */; };
		208A819D198732890075A441 /* Images.xcassets in Resources */ = {isa = PBXBuildFile; fileRef = 208A819C198732890075A441 /* Images.xcassets */; };
		208A81A9198732890075A441 /* TourismmerTests.swift in Sources */ = {isa = PBXBuildFile; fileRef = 208A81A8198732890075A441 /* TourismmerTests.swift */; };
		208A81C3198B24DE0075A441 /* User.swift in Sources */ = {isa = PBXBuildFile; fileRef = 208A81C2198B24DE0075A441 /* User.swift */; };
		208A81C5198B26DE0075A441 /* API.swift in Sources */ = {isa = PBXBuildFile; fileRef = 208A81C4198B26DE0075A441 /* API.swift */; };
		208A81C9198C464E0075A441 /* RegisterViewController.swift in Sources */ = {isa = PBXBuildFile; fileRef = 208A81C8198C464E0075A441 /* RegisterViewController.swift */; };
		20918E8119E370FE00BD39E8 /* Cell.swift in Sources */ = {isa = PBXBuildFile; fileRef = 20918E8019E370FE00BD39E8 /* Cell.swift */; };
		20918E8419E4A9B900BD39E8 /* Util.swift in Sources */ = {isa = PBXBuildFile; fileRef = 20918E8319E4A9B900BD39E8 /* Util.swift */; };
		209BB95F1991AA2C00BE6D26 /* FacebookSDK.framework in Frameworks */ = {isa = PBXBuildFile; fileRef = 209BB95E1991AA2C00BE6D26 /* FacebookSDK.framework */; };
		209BB9611991B03E00BE6D26 /* Group.swift in Sources */ = {isa = PBXBuildFile; fileRef = 209BB9601991B03E00BE6D26 /* Group.swift */; };
		209BB9631991B07200BE6D26 /* Location.swift in Sources */ = {isa = PBXBuildFile; fileRef = 209BB9621991B07200BE6D26 /* Location.swift */; };
		209BB9651991B19C00BE6D26 /* TripType.swift in Sources */ = {isa = PBXBuildFile; fileRef = 209BB9641991B19C00BE6D26 /* TripType.swift */; };
		20AC20211A0998C10035255C /* GroupViewController.swift in Sources */ = {isa = PBXBuildFile; fileRef = 20AC20201A0998C10035255C /* GroupViewController.swift */; };
		20AC20231A0ACAC60035255C /* Post.swift in Sources */ = {isa = PBXBuildFile; fileRef = 20AC20221A0ACAC60035255C /* Post.swift */; };
		20AC20271A0ACCB50035255C /* Comment.swift in Sources */ = {isa = PBXBuildFile; fileRef = 20AC20261A0ACCB50035255C /* Comment.swift */; };
		20AE73F91A0C475A00BA12DB /* PostCell.swift in Sources */ = {isa = PBXBuildFile; fileRef = 20AE73F81A0C475A00BA12DB /* PostCell.swift */; };
		20CD0F561A37CCB6003204F8 /* CommentCell.swift in Sources */ = {isa = PBXBuildFile; fileRef = 20CD0F551A37CCB6003204F8 /* CommentCell.swift */; };
		20DC43AC1A3A877A00F2DA8E /* GoogleService.swift in Sources */ = {isa = PBXBuildFile; fileRef = 20DC43AB1A3A877A00F2DA8E /* GoogleService.swift */; };
		5504ED391996774600DA6FC9 /* Blank52.png in Resources */ = {isa = PBXBuildFile; fileRef = 5504ED381996774600DA6FC9 /* Blank52.png */; };
		551FE5301A0FAA3600B868B1 /* RecoverPasswordViewController.swift in Sources */ = {isa = PBXBuildFile; fileRef = 551FE52F1A0FAA3600B868B1 /* RecoverPasswordViewController.swift */; };
		55CC781A1A17BFA4001C41E8 /* MessageCode.swift in Sources */ = {isa = PBXBuildFile; fileRef = 55CC78191A17BFA4001C41E8 /* MessageCode.swift */; };
		55E1D404198D66FC0006749D /* HomeViewController.swift in Sources */ = {isa = PBXBuildFile; fileRef = 55E1D403198D66FC0006749D /* HomeViewController.swift */; };
/* End PBXBuildFile section */

/* Begin PBXContainerItemProxy section */
		208A81A3198732890075A441 /* PBXContainerItemProxy */ = {
			isa = PBXContainerItemProxy;
			containerPortal = 208A8188198732890075A441 /* Project object */;
			proxyType = 1;
			remoteGlobalIDString = 208A818F198732890075A441;
			remoteInfo = Tourismmer;
		};
/* End PBXContainerItemProxy section */

/* Begin PBXFileReference section */
		2042C28E1A25529800EEEE99 /* NewGroupViewController.swift */ = {isa = PBXFileReference; fileEncoding = 4; lastKnownFileType = sourcecode.swift; path = NewGroupViewController.swift; sourceTree = "<group>"; };
		208A8190198732890075A441 /* Tourismmer.app */ = {isa = PBXFileReference; explicitFileType = wrapper.application; includeInIndex = 0; path = Tourismmer.app; sourceTree = BUILT_PRODUCTS_DIR; };
		208A8194198732890075A441 /* Info.plist */ = {isa = PBXFileReference; lastKnownFileType = text.plist.xml; path = Info.plist; sourceTree = "<group>"; };
		208A8195198732890075A441 /* AppDelegate.swift */ = {isa = PBXFileReference; lastKnownFileType = sourcecode.swift; path = AppDelegate.swift; sourceTree = "<group>"; };
		208A8197198732890075A441 /* LoginViewController.swift */ = {isa = PBXFileReference; lastKnownFileType = sourcecode.swift; path = LoginViewController.swift; sourceTree = "<group>"; };
		208A819A198732890075A441 /* Base */ = {isa = PBXFileReference; lastKnownFileType = file.storyboard; name = Base; path = Base.lproj/Main.storyboard; sourceTree = "<group>"; };
		208A819C198732890075A441 /* Images.xcassets */ = {isa = PBXFileReference; lastKnownFileType = folder.assetcatalog; path = Images.xcassets; sourceTree = "<group>"; };
		208A81A2198732890075A441 /* TourismmerTests.xctest */ = {isa = PBXFileReference; explicitFileType = wrapper.cfbundle; includeInIndex = 0; path = TourismmerTests.xctest; sourceTree = BUILT_PRODUCTS_DIR; };
		208A81A7198732890075A441 /* Info.plist */ = {isa = PBXFileReference; lastKnownFileType = text.plist.xml; path = Info.plist; sourceTree = "<group>"; };
		208A81A8198732890075A441 /* TourismmerTests.swift */ = {isa = PBXFileReference; lastKnownFileType = sourcecode.swift; path = TourismmerTests.swift; sourceTree = "<group>"; };
		208A81C2198B24DE0075A441 /* User.swift */ = {isa = PBXFileReference; fileEncoding = 4; lastKnownFileType = sourcecode.swift; path = User.swift; sourceTree = "<group>"; };
		208A81C4198B26DE0075A441 /* API.swift */ = {isa = PBXFileReference; fileEncoding = 4; lastKnownFileType = sourcecode.swift; path = API.swift; sourceTree = "<group>"; };
		208A81C8198C464E0075A441 /* RegisterViewController.swift */ = {isa = PBXFileReference; fileEncoding = 4; lastKnownFileType = sourcecode.swift; path = RegisterViewController.swift; sourceTree = "<group>"; };
		20918E8019E370FE00BD39E8 /* Cell.swift */ = {isa = PBXFileReference; fileEncoding = 4; lastKnownFileType = sourcecode.swift; path = Cell.swift; sourceTree = "<group>"; };
		20918E8319E4A9B900BD39E8 /* Util.swift */ = {isa = PBXFileReference; fileEncoding = 4; lastKnownFileType = sourcecode.swift; path = Util.swift; sourceTree = "<group>"; };
		209BB95E1991AA2C00BE6D26 /* FacebookSDK.framework */ = {isa = PBXFileReference; lastKnownFileType = wrapper.framework; name = FacebookSDK.framework; path = ../../../../../../Documents/FacebookSDK/FacebookSDK.framework; sourceTree = "<group>"; };
		209BB9601991B03E00BE6D26 /* Group.swift */ = {isa = PBXFileReference; fileEncoding = 4; lastKnownFileType = sourcecode.swift; path = Group.swift; sourceTree = "<group>"; };
		209BB9621991B07200BE6D26 /* Location.swift */ = {isa = PBXFileReference; fileEncoding = 4; lastKnownFileType = sourcecode.swift; path = Location.swift; sourceTree = "<group>"; };
		209BB9641991B19C00BE6D26 /* TripType.swift */ = {isa = PBXFileReference; fileEncoding = 4; lastKnownFileType = sourcecode.swift; path = TripType.swift; sourceTree = "<group>"; };
		20AC20201A0998C10035255C /* GroupViewController.swift */ = {isa = PBXFileReference; fileEncoding = 4; lastKnownFileType = sourcecode.swift; path = GroupViewController.swift; sourceTree = "<group>"; };
		20AC20221A0ACAC60035255C /* Post.swift */ = {isa = PBXFileReference; fileEncoding = 4; lastKnownFileType = sourcecode.swift; path = Post.swift; sourceTree = "<group>"; };
		20AC20261A0ACCB50035255C /* Comment.swift */ = {isa = PBXFileReference; fileEncoding = 4; lastKnownFileType = sourcecode.swift; path = Comment.swift; sourceTree = "<group>"; };
		20AE73F81A0C475A00BA12DB /* PostCell.swift */ = {isa = PBXFileReference; fileEncoding = 4; lastKnownFileType = sourcecode.swift; path = PostCell.swift; sourceTree = "<group>"; };
		20CD0F551A37CCB6003204F8 /* CommentCell.swift */ = {isa = PBXFileReference; fileEncoding = 4; lastKnownFileType = sourcecode.swift; path = CommentCell.swift; sourceTree = "<group>"; };
		20DC43AB1A3A877A00F2DA8E /* GoogleService.swift */ = {isa = PBXFileReference; fileEncoding = 4; lastKnownFileType = sourcecode.swift; path = GoogleService.swift; sourceTree = "<group>"; };
		5504ED381996774600DA6FC9 /* Blank52.png */ = {isa = PBXFileReference; lastKnownFileType = image.png; name = Blank52.png; path = Tourismmer/Images.xcassets/Blank52.png; sourceTree = "<group>"; };
		551FE52F1A0FAA3600B868B1 /* RecoverPasswordViewController.swift */ = {isa = PBXFileReference; fileEncoding = 4; lastKnownFileType = sourcecode.swift; path = RecoverPasswordViewController.swift; sourceTree = "<group>"; };
		55CC78191A17BFA4001C41E8 /* MessageCode.swift */ = {isa = PBXFileReference; fileEncoding = 4; lastKnownFileType = sourcecode.swift; path = MessageCode.swift; sourceTree = "<group>"; };
		55E1D403198D66FC0006749D /* HomeViewController.swift */ = {isa = PBXFileReference; fileEncoding = 4; lastKnownFileType = sourcecode.swift; path = HomeViewController.swift; sourceTree = "<group>"; };
		55E1D40A198D7C1E0006749D /* Bridging-Header.h */ = {isa = PBXFileReference; lastKnownFileType = sourcecode.c.h; name = "Bridging-Header.h"; path = "Tourismmer/Bridging-Header.h"; sourceTree = "<group>"; };
/* End PBXFileReference section */

/* Begin PBXFrameworksBuildPhase section */
		208A818D198732890075A441 /* Frameworks */ = {
			isa = PBXFrameworksBuildPhase;
			buildActionMask = 2147483647;
			files = (
				209BB95F1991AA2C00BE6D26 /* FacebookSDK.framework in Frameworks */,
			);
			runOnlyForDeploymentPostprocessing = 0;
		};
		208A819F198732890075A441 /* Frameworks */ = {
			isa = PBXFrameworksBuildPhase;
			buildActionMask = 2147483647;
			files = (
			);
			runOnlyForDeploymentPostprocessing = 0;
		};
/* End PBXFrameworksBuildPhase section */

/* Begin PBXGroup section */
		208A8187198732890075A441 = {
			isa = PBXGroup;
			children = (
				55E1D40A198D7C1E0006749D /* Bridging-Header.h */,
				55E1D405198D791C0006749D /* Frameworks */,
				208A8192198732890075A441 /* Tourismmer */,
				208A81A5198732890075A441 /* TourismmerTests */,
				208A8191198732890075A441 /* Products */,
				5504ED381996774600DA6FC9 /* Blank52.png */,
			);
			sourceTree = "<group>";
		};
		208A8191198732890075A441 /* Products */ = {
			isa = PBXGroup;
			children = (
				208A8190198732890075A441 /* Tourismmer.app */,
				208A81A2198732890075A441 /* TourismmerTests.xctest */,
			);
			name = Products;
			sourceTree = "<group>";
		};
		208A8192198732890075A441 /* Tourismmer */ = {
			isa = PBXGroup;
			children = (
				20918E8219E4A9AD00BD39E8 /* Util */,
				208A81C1198B11970075A441 /* Service */,
				208A81C0198B11880075A441 /* ViewController */,
				208A81BF198B11730075A441 /* Model */,
				208A8195198732890075A441 /* AppDelegate.swift */,
				208A8199198732890075A441 /* Main.storyboard */,
				208A819C198732890075A441 /* Images.xcassets */,
				208A8193198732890075A441 /* Supporting Files */,
			);
			path = Tourismmer;
			sourceTree = "<group>";
		};
		208A8193198732890075A441 /* Supporting Files */ = {
			isa = PBXGroup;
			children = (
				208A8194198732890075A441 /* Info.plist */,
			);
			name = "Supporting Files";
			sourceTree = "<group>";
		};
		208A81A5198732890075A441 /* TourismmerTests */ = {
			isa = PBXGroup;
			children = (
				208A81A8198732890075A441 /* TourismmerTests.swift */,
				208A81A6198732890075A441 /* Supporting Files */,
			);
			path = TourismmerTests;
			sourceTree = "<group>";
		};
		208A81A6198732890075A441 /* Supporting Files */ = {
			isa = PBXGroup;
			children = (
				208A81A7198732890075A441 /* Info.plist */,
			);
			name = "Supporting Files";
			sourceTree = "<group>";
		};
		208A81BF198B11730075A441 /* Model */ = {
			isa = PBXGroup;
			children = (
				208A81C2198B24DE0075A441 /* User.swift */,
				209BB9601991B03E00BE6D26 /* Group.swift */,
				209BB9621991B07200BE6D26 /* Location.swift */,
				209BB9641991B19C00BE6D26 /* TripType.swift */,
				20AC20221A0ACAC60035255C /* Post.swift */,
				20AC20261A0ACCB50035255C /* Comment.swift */,
				55CC78191A17BFA4001C41E8 /* MessageCode.swift */,
			);
			name = Model;
			sourceTree = "<group>";
		};
		208A81C0198B11880075A441 /* ViewController */ = {
			isa = PBXGroup;
			children = (
				208A8197198732890075A441 /* LoginViewController.swift */,
				208A81C8198C464E0075A441 /* RegisterViewController.swift */,
				55E1D403198D66FC0006749D /* HomeViewController.swift */,
				20918E8019E370FE00BD39E8 /* Cell.swift */,
				20AC20201A0998C10035255C /* GroupViewController.swift */,
				20AE73F81A0C475A00BA12DB /* PostCell.swift */,
				551FE52F1A0FAA3600B868B1 /* RecoverPasswordViewController.swift */,
				2042C28E1A25529800EEEE99 /* NewGroupViewController.swift */,
				20CD0F551A37CCB6003204F8 /* CommentCell.swift */,
			);
			name = ViewController;
			sourceTree = "<group>";
		};
		208A81C1198B11970075A441 /* Service */ = {
			isa = PBXGroup;
			children = (
				208A81C4198B26DE0075A441 /* API.swift */,
				20DC43AB1A3A877A00F2DA8E /* GoogleService.swift */,
			);
			name = Service;
			sourceTree = "<group>";
		};
		20918E8219E4A9AD00BD39E8 /* Util */ = {
			isa = PBXGroup;
			children = (
				20918E8319E4A9B900BD39E8 /* Util.swift */,
			);
			name = Util;
			sourceTree = "<group>";
		};
		55E1D405198D791C0006749D /* Frameworks */ = {
			isa = PBXGroup;
			children = (
				209BB95E1991AA2C00BE6D26 /* FacebookSDK.framework */,
			);
			name = Frameworks;
			sourceTree = "<group>";
		};
/* End PBXGroup section */

/* Begin PBXNativeTarget section */
		208A818F198732890075A441 /* Tourismmer */ = {
			isa = PBXNativeTarget;
			buildConfigurationList = 208A81AC198732890075A441 /* Build configuration list for PBXNativeTarget "Tourismmer" */;
			buildPhases = (
				208A818C198732890075A441 /* Sources */,
				208A818D198732890075A441 /* Frameworks */,
				208A818E198732890075A441 /* Resources */,
			);
			buildRules = (
			);
			dependencies = (
			);
			name = Tourismmer;
			productName = Tourismmer;
			productReference = 208A8190198732890075A441 /* Tourismmer.app */;
			productType = "com.apple.product-type.application";
		};
		208A81A1198732890075A441 /* TourismmerTests */ = {
			isa = PBXNativeTarget;
			buildConfigurationList = 208A81AF198732890075A441 /* Build configuration list for PBXNativeTarget "TourismmerTests" */;
			buildPhases = (
				208A819E198732890075A441 /* Sources */,
				208A819F198732890075A441 /* Frameworks */,
				208A81A0198732890075A441 /* Resources */,
			);
			buildRules = (
			);
			dependencies = (
				208A81A4198732890075A441 /* PBXTargetDependency */,
			);
			name = TourismmerTests;
			productName = TourismmerTests;
			productReference = 208A81A2198732890075A441 /* TourismmerTests.xctest */;
			productType = "com.apple.product-type.bundle.unit-test";
		};
/* End PBXNativeTarget section */

/* Begin PBXProject section */
		208A8188198732890075A441 /* Project object */ = {
			isa = PBXProject;
			attributes = {
				LastUpgradeCheck = 0600;
				ORGANIZATIONNAME = "Felipe Lopes";
				TargetAttributes = {
					208A818F198732890075A441 = {
						CreatedOnToolsVersion = 6.0;
					};
					208A81A1198732890075A441 = {
						CreatedOnToolsVersion = 6.0;
						TestTargetID = 208A818F198732890075A441;
					};
				};
			};
			buildConfigurationList = 208A818B198732890075A441 /* Build configuration list for PBXProject "Tourismmer" */;
			compatibilityVersion = "Xcode 3.2";
			developmentRegion = English;
			hasScannedForEncodings = 0;
			knownRegions = (
				en,
				Base,
			);
			mainGroup = 208A8187198732890075A441;
			productRefGroup = 208A8191198732890075A441 /* Products */;
			projectDirPath = "";
			projectRoot = "";
			targets = (
				208A818F198732890075A441 /* Tourismmer */,
				208A81A1198732890075A441 /* TourismmerTests */,
			);
		};
/* End PBXProject section */

/* Begin PBXResourcesBuildPhase section */
		208A818E198732890075A441 /* Resources */ = {
			isa = PBXResourcesBuildPhase;
			buildActionMask = 2147483647;
			files = (
				5504ED391996774600DA6FC9 /* Blank52.png in Resources */,
				208A819B198732890075A441 /* Main.storyboard in Resources */,
				208A819D198732890075A441 /* Images.xcassets in Resources */,
			);
			runOnlyForDeploymentPostprocessing = 0;
		};
		208A81A0198732890075A441 /* Resources */ = {
			isa = PBXResourcesBuildPhase;
			buildActionMask = 2147483647;
			files = (
			);
			runOnlyForDeploymentPostprocessing = 0;
		};
/* End PBXResourcesBuildPhase section */

/* Begin PBXSourcesBuildPhase section */
		208A818C198732890075A441 /* Sources */ = {
			isa = PBXSourcesBuildPhase;
			buildActionMask = 2147483647;
			files = (
				20CD0F561A37CCB6003204F8 /* CommentCell.swift in Sources */,
				20AC20211A0998C10035255C /* GroupViewController.swift in Sources */,
				20918E8419E4A9B900BD39E8 /* Util.swift in Sources */,
				209BB9611991B03E00BE6D26 /* Group.swift in Sources */,
				20AC20271A0ACCB50035255C /* Comment.swift in Sources */,
				208A8198198732890075A441 /* LoginViewController.swift in Sources */,
				20AE73F91A0C475A00BA12DB /* PostCell.swift in Sources */,
				551FE5301A0FAA3600B868B1 /* RecoverPasswordViewController.swift in Sources */,
				20AC20231A0ACAC60035255C /* Post.swift in Sources */,
				209BB9631991B07200BE6D26 /* Location.swift in Sources */,
				208A81C9198C464E0075A441 /* RegisterViewController.swift in Sources */,
				208A8196198732890075A441 /* AppDelegate.swift in Sources */,
				208A81C5198B26DE0075A441 /* API.swift in Sources */,
				208A81C3198B24DE0075A441 /* User.swift in Sources */,
				2042C28F1A25529800EEEE99 /* NewGroupViewController.swift in Sources */,
				55CC781A1A17BFA4001C41E8 /* MessageCode.swift in Sources */,
				20DC43AC1A3A877A00F2DA8E /* GoogleService.swift in Sources */,
				20918E8119E370FE00BD39E8 /* Cell.swift in Sources */,
				209BB9651991B19C00BE6D26 /* TripType.swift in Sources */,
				55E1D404198D66FC0006749D /* HomeViewController.swift in Sources */,
			);
			runOnlyForDeploymentPostprocessing = 0;
		};
		208A819E198732890075A441 /* Sources */ = {
			isa = PBXSourcesBuildPhase;
			buildActionMask = 2147483647;
			files = (
				208A81A9198732890075A441 /* TourismmerTests.swift in Sources */,
			);
			runOnlyForDeploymentPostprocessing = 0;
		};
/* End PBXSourcesBuildPhase section */

/* Begin PBXTargetDependency section */
		208A81A4198732890075A441 /* PBXTargetDependency */ = {
			isa = PBXTargetDependency;
			target = 208A818F198732890075A441 /* Tourismmer */;
			targetProxy = 208A81A3198732890075A441 /* PBXContainerItemProxy */;
		};
/* End PBXTargetDependency section */

/* Begin PBXVariantGroup section */
		208A8199198732890075A441 /* Main.storyboard */ = {
			isa = PBXVariantGroup;
			children = (
				208A819A198732890075A441 /* Base */,
			);
			name = Main.storyboard;
			sourceTree = "<group>";
		};
/* End PBXVariantGroup section */

/* Begin XCBuildConfiguration section */
		208A81AA198732890075A441 /* Debug */ = {
			isa = XCBuildConfiguration;
			buildSettings = {
				ALWAYS_SEARCH_USER_PATHS = NO;
				CLANG_CXX_LANGUAGE_STANDARD = "gnu++0x";
				CLANG_CXX_LIBRARY = "libc++";
				CLANG_ENABLE_MODULES = YES;
				CLANG_ENABLE_OBJC_ARC = YES;
				CLANG_WARN_BOOL_CONVERSION = YES;
				CLANG_WARN_CONSTANT_CONVERSION = YES;
				CLANG_WARN_DIRECT_OBJC_ISA_USAGE = YES_ERROR;
				CLANG_WARN_EMPTY_BODY = YES;
				CLANG_WARN_ENUM_CONVERSION = YES;
				CLANG_WARN_INT_CONVERSION = YES;
				CLANG_WARN_OBJC_ROOT_CLASS = YES_ERROR;
				CLANG_WARN_UNREACHABLE_CODE = YES;
				CLANG_WARN__DUPLICATE_METHOD_MATCH = YES;
				"CODE_SIGN_IDENTITY[sdk=iphoneos*]" = "iPhone Developer";
				COPY_PHASE_STRIP = NO;
				ENABLE_STRICT_OBJC_MSGSEND = YES;
				GCC_C_LANGUAGE_STANDARD = gnu99;
				GCC_DYNAMIC_NO_PIC = NO;
				GCC_OPTIMIZATION_LEVEL = 0;
				GCC_PREPROCESSOR_DEFINITIONS = (
					"DEBUG=1",
					"$(inherited)",
				);
				GCC_SYMBOLS_PRIVATE_EXTERN = NO;
				GCC_WARN_64_TO_32_BIT_CONVERSION = YES;
				GCC_WARN_ABOUT_RETURN_TYPE = YES_ERROR;
				GCC_WARN_UNDECLARED_SELECTOR = YES;
				GCC_WARN_UNINITIALIZED_AUTOS = YES_AGGRESSIVE;
				GCC_WARN_UNUSED_FUNCTION = YES;
				GCC_WARN_UNUSED_VARIABLE = YES;
				IPHONEOS_DEPLOYMENT_TARGET = 8.0;
				MTL_ENABLE_DEBUG_INFO = YES;
				ONLY_ACTIVE_ARCH = YES;
				SDKROOT = iphoneos;
				SWIFT_OPTIMIZATION_LEVEL = "-Onone";
				TARGETED_DEVICE_FAMILY = "1,2";
			};
			name = Debug;
		};
		208A81AB198732890075A441 /* Release */ = {
			isa = XCBuildConfiguration;
			buildSettings = {
				ALWAYS_SEARCH_USER_PATHS = NO;
				CLANG_CXX_LANGUAGE_STANDARD = "gnu++0x";
				CLANG_CXX_LIBRARY = "libc++";
				CLANG_ENABLE_MODULES = YES;
				CLANG_ENABLE_OBJC_ARC = YES;
				CLANG_WARN_BOOL_CONVERSION = YES;
				CLANG_WARN_CONSTANT_CONVERSION = YES;
				CLANG_WARN_DIRECT_OBJC_ISA_USAGE = YES_ERROR;
				CLANG_WARN_EMPTY_BODY = YES;
				CLANG_WARN_ENUM_CONVERSION = YES;
				CLANG_WARN_INT_CONVERSION = YES;
				CLANG_WARN_OBJC_ROOT_CLASS = YES_ERROR;
				CLANG_WARN_UNREACHABLE_CODE = YES;
				CLANG_WARN__DUPLICATE_METHOD_MATCH = YES;
				"CODE_SIGN_IDENTITY[sdk=iphoneos*]" = "iPhone Developer";
				COPY_PHASE_STRIP = YES;
				ENABLE_NS_ASSERTIONS = NO;
				ENABLE_STRICT_OBJC_MSGSEND = YES;
				GCC_C_LANGUAGE_STANDARD = gnu99;
				GCC_WARN_64_TO_32_BIT_CONVERSION = YES;
				GCC_WARN_ABOUT_RETURN_TYPE = YES_ERROR;
				GCC_WARN_UNDECLARED_SELECTOR = YES;
				GCC_WARN_UNINITIALIZED_AUTOS = YES_AGGRESSIVE;
				GCC_WARN_UNUSED_FUNCTION = YES;
				GCC_WARN_UNUSED_VARIABLE = YES;
				IPHONEOS_DEPLOYMENT_TARGET = 8.0;
				MTL_ENABLE_DEBUG_INFO = NO;
				SDKROOT = iphoneos;
				TARGETED_DEVICE_FAMILY = "1,2";
				VALIDATE_PRODUCT = YES;
			};
			name = Release;
		};
		208A81AD198732890075A441 /* Debug */ = {
			isa = XCBuildConfiguration;
			buildSettings = {
				ASSETCATALOG_COMPILER_APPICON_NAME = AppIcon;
				ASSETCATALOG_COMPILER_LAUNCHIMAGE_NAME = LaunchImage;
				FRAMEWORK_SEARCH_PATHS = (
					"$(inherited)",
					"$(PROJECT_DIR)",
					/Users/felipe/Documents/FacebookSDK,
					/Users/felipelopes/Documents/FacebookSDK,
				);
				INFOPLIST_FILE = Tourismmer/Info.plist;
				LD_RUNPATH_SEARCH_PATHS = "$(inherited) @executable_path/Frameworks";
				PRODUCT_NAME = "$(TARGET_NAME)";
				SWIFT_OBJC_BRIDGING_HEADER = "Tourismmer/Bridging-Header.h";
			};
			name = Debug;
		};
		208A81AE198732890075A441 /* Release */ = {
			isa = XCBuildConfiguration;
			buildSettings = {
				ASSETCATALOG_COMPILER_APPICON_NAME = AppIcon;
				ASSETCATALOG_COMPILER_LAUNCHIMAGE_NAME = LaunchImage;
				FRAMEWORK_SEARCH_PATHS = (
					"$(inherited)",
					"$(PROJECT_DIR)",
					/Users/felipe/Documents/FacebookSDK,
					/Users/felipelopes/Documents/FacebookSDK,
				);
				INFOPLIST_FILE = Tourismmer/Info.plist;
				LD_RUNPATH_SEARCH_PATHS = "$(inherited) @executable_path/Frameworks";
				PRODUCT_NAME = "$(TARGET_NAME)";
				SWIFT_OBJC_BRIDGING_HEADER = "Tourismmer/Bridging-Header.h";
			};
			name = Release;
		};
		208A81B0198732890075A441 /* Debug */ = {
			isa = XCBuildConfiguration;
			buildSettings = {
				BUNDLE_LOADER = "$(BUILT_PRODUCTS_DIR)/Tourismmer.app/Tourismmer";
				FRAMEWORK_SEARCH_PATHS = (
					"$(SDKROOT)/Developer/Library/Frameworks",
					"$(inherited)",
				);
				GCC_PREPROCESSOR_DEFINITIONS = (
					"DEBUG=1",
					"$(inherited)",
				);
				INFOPLIST_FILE = TourismmerTests/Info.plist;
				LD_RUNPATH_SEARCH_PATHS = "$(inherited) @executable_path/Frameworks @loader_path/Frameworks";
				PRODUCT_NAME = "$(TARGET_NAME)";
				TEST_HOST = "$(BUNDLE_LOADER)";
			};
			name = Debug;
		};
		208A81B1198732890075A441 /* Release */ = {
			isa = XCBuildConfiguration;
			buildSettings = {
				BUNDLE_LOADER = "$(BUILT_PRODUCTS_DIR)/Tourismmer.app/Tourismmer";
				FRAMEWORK_SEARCH_PATHS = (
					"$(SDKROOT)/Developer/Library/Frameworks",
					"$(inherited)",
				);
				INFOPLIST_FILE = TourismmerTests/Info.plist;
				LD_RUNPATH_SEARCH_PATHS = "$(inherited) @executable_path/Frameworks @loader_path/Frameworks";
				PRODUCT_NAME = "$(TARGET_NAME)";
				TEST_HOST = "$(BUNDLE_LOADER)";
			};
			name = Release;
		};
/* End XCBuildConfiguration section */

/* Begin XCConfigurationList section */
		208A818B198732890075A441 /* Build configuration list for PBXProject "Tourismmer" */ = {
			isa = XCConfigurationList;
			buildConfigurations = (
				208A81AA198732890075A441 /* Debug */,
				208A81AB198732890075A441 /* Release */,
			);
			defaultConfigurationIsVisible = 0;
			defaultConfigurationName = Release;
		};
		208A81AC198732890075A441 /* Build configuration list for PBXNativeTarget "Tourismmer" */ = {
			isa = XCConfigurationList;
			buildConfigurations = (
				208A81AD198732890075A441 /* Debug */,
				208A81AE198732890075A441 /* Release */,
			);
			defaultConfigurationIsVisible = 0;
			defaultConfigurationName = Release;
		};
		208A81AF198732890075A441 /* Build configuration list for PBXNativeTarget "TourismmerTests" */ = {
			isa = XCConfigurationList;
			buildConfigurations = (
				208A81B0198732890075A441 /* Debug */,
				208A81B1198732890075A441 /* Release */,
			);
			defaultConfigurationIsVisible = 0;
			defaultConfigurationName = Release;
		};
/* End XCConfigurationList section */
	};
	rootObject = 208A8188198732890075A441 /* Project object */;
}
